// !$*UTF8*$!
{
	archiveVersion = 1;
	classes = {
	};
	objectVersion = 50;
	objects = {

/* Begin PBXBuildFile section */
		9A2B86CF22DCC86C0021633F /* ImageModel.swift in Sources */ = {isa = PBXBuildFile; fileRef = 9A63171F22DCAE7200C495AA /* ImageModel.swift */; };
		9A2B86D122DDD3430021633F /* AddBookView.swift in Sources */ = {isa = PBXBuildFile; fileRef = 9A2B86D022DDD3430021633F /* AddBookView.swift */; };
		9A63171822DC761800C495AA /* MyBooksView.swift in Sources */ = {isa = PBXBuildFile; fileRef = 9A63171722DC761800C495AA /* MyBooksView.swift */; };
		9A63171A22DCA91900C495AA /* BookDetailView.swift in Sources */ = {isa = PBXBuildFile; fileRef = 9A63171922DCA91900C495AA /* BookDetailView.swift */; };
		9A63171D22DCACCD00C495AA /* ImageService.swift in Sources */ = {isa = PBXBuildFile; fileRef = 9A63171C22DCACCD00C495AA /* ImageService.swift */; };
		9A63172222DCB37600C495AA /* BookCoverImageView.swift in Sources */ = {isa = PBXBuildFile; fileRef = 9A63172122DCB37600C495AA /* BookCoverImageView.swift */; };
		9A76636E22D74AD800058B10 /* AppDelegate.swift in Sources */ = {isa = PBXBuildFile; fileRef = 9A76636D22D74AD800058B10 /* AppDelegate.swift */; };
		9A76637022D74AD800058B10 /* SceneDelegate.swift in Sources */ = {isa = PBXBuildFile; fileRef = 9A76636F22D74AD800058B10 /* SceneDelegate.swift */; };
		9A76637222D74AD800058B10 /* ContentView.swift in Sources */ = {isa = PBXBuildFile; fileRef = 9A76637122D74AD800058B10 /* ContentView.swift */; };
		9A76637422D74ADC00058B10 /* Assets.xcassets in Resources */ = {isa = PBXBuildFile; fileRef = 9A76637322D74ADC00058B10 /* Assets.xcassets */; };
		9A76637722D74ADC00058B10 /* Preview Assets.xcassets in Resources */ = {isa = PBXBuildFile; fileRef = 9A76637622D74ADC00058B10 /* Preview Assets.xcassets */; };
		9A76637A22D74ADC00058B10 /* LaunchScreen.storyboard in Resources */ = {isa = PBXBuildFile; fileRef = 9A76637822D74ADC00058B10 /* LaunchScreen.storyboard */; };
		9A76638422D75B9E00058B10 /* Book.swift in Sources */ = {isa = PBXBuildFile; fileRef = 9A76638322D75B9E00058B10 /* Book.swift */; };
		9A76638622D7753E00058B10 /* Author.swift in Sources */ = {isa = PBXBuildFile; fileRef = 9A76638522D7753D00058B10 /* Author.swift */; };
		9A76638A22D7767700058B10 /* ProfileView.swift in Sources */ = {isa = PBXBuildFile; fileRef = 9A76638922D7767700058B10 /* ProfileView.swift */; };
		AAD245CC22DDCC5D0039FDF5 /* ToggleButton.swift in Sources */ = {isa = PBXBuildFile; fileRef = AAD245CB22DDCC5D0039FDF5 /* ToggleButton.swift */; };
/* End PBXBuildFile section */

/* Begin PBXFileReference section */
		9A2B86D022DDD3430021633F /* AddBookView.swift */ = {isa = PBXFileReference; lastKnownFileType = sourcecode.swift; path = AddBookView.swift; sourceTree = "<group>"; };
		9A63171722DC761800C495AA /* MyBooksView.swift */ = {isa = PBXFileReference; lastKnownFileType = sourcecode.swift; path = MyBooksView.swift; sourceTree = "<group>"; };
		9A63171922DCA91900C495AA /* BookDetailView.swift */ = {isa = PBXFileReference; lastKnownFileType = sourcecode.swift; path = BookDetailView.swift; sourceTree = "<group>"; };
		9A63171C22DCACCD00C495AA /* ImageService.swift */ = {isa = PBXFileReference; lastKnownFileType = sourcecode.swift; path = ImageService.swift; sourceTree = "<group>"; };
		9A63171F22DCAE7200C495AA /* ImageModel.swift */ = {isa = PBXFileReference; lastKnownFileType = sourcecode.swift; path = ImageModel.swift; sourceTree = "<group>"; };
		9A63172122DCB37600C495AA /* BookCoverImageView.swift */ = {isa = PBXFileReference; lastKnownFileType = sourcecode.swift; path = BookCoverImageView.swift; sourceTree = "<group>"; };
		9A76636A22D74AD800058B10 /* iRead.app */ = {isa = PBXFileReference; explicitFileType = wrapper.application; includeInIndex = 0; path = iRead.app; sourceTree = BUILT_PRODUCTS_DIR; };
		9A76636D22D74AD800058B10 /* AppDelegate.swift */ = {isa = PBXFileReference; lastKnownFileType = sourcecode.swift; path = AppDelegate.swift; sourceTree = "<group>"; };
		9A76636F22D74AD800058B10 /* SceneDelegate.swift */ = {isa = PBXFileReference; lastKnownFileType = sourcecode.swift; path = SceneDelegate.swift; sourceTree = "<group>"; };
		9A76637122D74AD800058B10 /* ContentView.swift */ = {isa = PBXFileReference; lastKnownFileType = sourcecode.swift; path = ContentView.swift; sourceTree = "<group>"; };
		9A76637322D74ADC00058B10 /* Assets.xcassets */ = {isa = PBXFileReference; lastKnownFileType = folder.assetcatalog; path = Assets.xcassets; sourceTree = "<group>"; };
		9A76637622D74ADC00058B10 /* Preview Assets.xcassets */ = {isa = PBXFileReference; lastKnownFileType = folder.assetcatalog; path = "Preview Assets.xcassets"; sourceTree = "<group>"; };
		9A76637922D74ADC00058B10 /* Base */ = {isa = PBXFileReference; lastKnownFileType = file.storyboard; name = Base; path = Base.lproj/LaunchScreen.storyboard; sourceTree = "<group>"; };
		9A76637B22D74ADC00058B10 /* Info.plist */ = {isa = PBXFileReference; lastKnownFileType = text.plist.xml; path = Info.plist; sourceTree = "<group>"; };
		9A76638322D75B9E00058B10 /* Book.swift */ = {isa = PBXFileReference; lastKnownFileType = sourcecode.swift; path = Book.swift; sourceTree = "<group>"; };
		9A76638522D7753D00058B10 /* Author.swift */ = {isa = PBXFileReference; lastKnownFileType = sourcecode.swift; path = Author.swift; sourceTree = "<group>"; };
		9A76638922D7767700058B10 /* ProfileView.swift */ = {isa = PBXFileReference; lastKnownFileType = sourcecode.swift; path = ProfileView.swift; sourceTree = "<group>"; };
		AAD245CB22DDCC5D0039FDF5 /* ToggleButton.swift */ = {isa = PBXFileReference; lastKnownFileType = sourcecode.swift; path = ToggleButton.swift; sourceTree = "<group>"; };
/* End PBXFileReference section */

/* Begin PBXFrameworksBuildPhase section */
		9A76636722D74AD700058B10 /* Frameworks */ = {
			isa = PBXFrameworksBuildPhase;
			buildActionMask = 2147483647;
			files = (
			);
			runOnlyForDeploymentPostprocessing = 0;
		};
/* End PBXFrameworksBuildPhase section */

/* Begin PBXGroup section */
		9A63171B22DCACB100C495AA /* Services */ = {
			isa = PBXGroup;
			children = (
				9A63171C22DCACCD00C495AA /* ImageService.swift */,
			);
			path = Services;
			sourceTree = "<group>";
		};
		9A63171E22DCAE3A00C495AA /* Binding */ = {
			isa = PBXGroup;
			children = (
				9A63171F22DCAE7200C495AA /* ImageModel.swift */,
			);
			path = Binding;
			sourceTree = "<group>";
		};
		9A76636122D74AD700058B10 = {
			isa = PBXGroup;
			children = (
				9A76636C22D74AD800058B10 /* iRead */,
				9A76636B22D74AD800058B10 /* Products */,
			);
			sourceTree = "<group>";
		};
		9A76636B22D74AD800058B10 /* Products */ = {
			isa = PBXGroup;
			children = (
				9A76636A22D74AD800058B10 /* iRead.app */,
			);
			name = Products;
			sourceTree = "<group>";
		};
		9A76636C22D74AD800058B10 /* iRead */ = {
			isa = PBXGroup;
			children = (
				9A63171E22DCAE3A00C495AA /* Binding */,
				9A63171B22DCACB100C495AA /* Services */,
				9A76638222D7591A00058B10 /* Model */,
				9A76638122D758BC00058B10 /* Views */,
				9A76636D22D74AD800058B10 /* AppDelegate.swift */,
				9A76636F22D74AD800058B10 /* SceneDelegate.swift */,
				9A76637322D74ADC00058B10 /* Assets.xcassets */,
				9A76637822D74ADC00058B10 /* LaunchScreen.storyboard */,
				9A76637B22D74ADC00058B10 /* Info.plist */,
				9A76637522D74ADC00058B10 /* Preview Content */,
			);
			path = iRead;
			sourceTree = "<group>";
		};
		9A76637522D74ADC00058B10 /* Preview Content */ = {
			isa = PBXGroup;
			children = (
				9A76637622D74ADC00058B10 /* Preview Assets.xcassets */,
			);
			path = "Preview Content";
			sourceTree = "<group>";
		};
		9A76638122D758BC00058B10 /* Views */ = {
			isa = PBXGroup;
			children = (
				9A76637122D74AD800058B10 /* ContentView.swift */,
				9A76638922D7767700058B10 /* ProfileView.swift */,
				9A63171722DC761800C495AA /* MyBooksView.swift */,
				9A63171922DCA91900C495AA /* BookDetailView.swift */,
				9A2B86D022DDD3430021633F /* AddBookView.swift */,
				9A63172122DCB37600C495AA /* BookCoverImageView.swift */,
				AAD245CB22DDCC5D0039FDF5 /* ToggleButton.swift */,
			);
			path = Views;
			sourceTree = "<group>";
		};
		9A76638222D7591A00058B10 /* Model */ = {
			isa = PBXGroup;
			children = (
				9A76638322D75B9E00058B10 /* Book.swift */,
				9A76638522D7753D00058B10 /* Author.swift */,
			);
			path = Model;
			sourceTree = "<group>";
		};
/* End PBXGroup section */

/* Begin PBXNativeTarget section */
		9A76636922D74AD700058B10 /* iRead */ = {
			isa = PBXNativeTarget;
			buildConfigurationList = 9A76637E22D74ADC00058B10 /* Build configuration list for PBXNativeTarget "iRead" */;
			buildPhases = (
				9A76636622D74AD700058B10 /* Sources */,
				9A76636722D74AD700058B10 /* Frameworks */,
				9A76636822D74AD700058B10 /* Resources */,
			);
			buildRules = (
			);
			dependencies = (
			);
			name = iRead;
			productName = iRead;
			productReference = 9A76636A22D74AD800058B10 /* iRead.app */;
			productType = "com.apple.product-type.application";
		};
/* End PBXNativeTarget section */

/* Begin PBXProject section */
		9A76636222D74AD700058B10 /* Project object */ = {
			isa = PBXProject;
			attributes = {
				LastSwiftUpdateCheck = 1100;
				LastUpgradeCheck = 1100;
				ORGANIZATIONNAME = imaginea;
				TargetAttributes = {
					9A76636922D74AD700058B10 = {
						CreatedOnToolsVersion = 11.0;
					};
				};
			};
			buildConfigurationList = 9A76636522D74AD700058B10 /* Build configuration list for PBXProject "iRead" */;
			compatibilityVersion = "Xcode 9.3";
			developmentRegion = en;
			hasScannedForEncodings = 0;
			knownRegions = (
				en,
				Base,
			);
			mainGroup = 9A76636122D74AD700058B10;
			productRefGroup = 9A76636B22D74AD800058B10 /* Products */;
			projectDirPath = "";
			projectRoot = "";
			targets = (
				9A76636922D74AD700058B10 /* iRead */,
			);
		};
/* End PBXProject section */

/* Begin PBXResourcesBuildPhase section */
		9A76636822D74AD700058B10 /* Resources */ = {
			isa = PBXResourcesBuildPhase;
			buildActionMask = 2147483647;
			files = (
				9A76637A22D74ADC00058B10 /* LaunchScreen.storyboard in Resources */,
				9A76637722D74ADC00058B10 /* Preview Assets.xcassets in Resources */,
				9A76637422D74ADC00058B10 /* Assets.xcassets in Resources */,
			);
			runOnlyForDeploymentPostprocessing = 0;
		};
/* End PBXResourcesBuildPhase section */

/* Begin PBXSourcesBuildPhase section */
		9A76636622D74AD700058B10 /* Sources */ = {
			isa = PBXSourcesBuildPhase;
			buildActionMask = 2147483647;
			files = (
				9A2B86CF22DCC86C0021633F /* ImageModel.swift in Sources */,
				9A63171A22DCA91900C495AA /* BookDetailView.swift in Sources */,
				9A76638422D75B9E00058B10 /* Book.swift in Sources */,
				9A63171D22DCACCD00C495AA /* ImageService.swift in Sources */,
				9A76636E22D74AD800058B10 /* AppDelegate.swift in Sources */,
				9A76637022D74AD800058B10 /* SceneDelegate.swift in Sources */,
				9A63172222DCB37600C495AA /* BookCoverImageView.swift in Sources */,
				9A2B86D122DDD3430021633F /* AddBookView.swift in Sources */,
				AAD245CC22DDCC5D0039FDF5 /* ToggleButton.swift in Sources */,
				9A76637222D74AD800058B10 /* ContentView.swift in Sources */,
				9A76638622D7753E00058B10 /* Author.swift in Sources */,
				9A63171822DC761800C495AA /* MyBooksView.swift in Sources */,
				9A76638A22D7767700058B10 /* ProfileView.swift in Sources */,
			);
			runOnlyForDeploymentPostprocessing = 0;
		};
/* End PBXSourcesBuildPhase section */

/* Begin PBXVariantGroup section */
		9A76637822D74ADC00058B10 /* LaunchScreen.storyboard */ = {
			isa = PBXVariantGroup;
			children = (
				9A76637922D74ADC00058B10 /* Base */,
			);
			name = LaunchScreen.storyboard;
			sourceTree = "<group>";
		};
/* End PBXVariantGroup section */

/* Begin XCBuildConfiguration section */
		9A76637C22D74ADC00058B10 /* Debug */ = {
			isa = XCBuildConfiguration;
			buildSettings = {
				ALWAYS_SEARCH_USER_PATHS = NO;
				CLANG_ANALYZER_NONNULL = YES;
				CLANG_ANALYZER_NUMBER_OBJECT_CONVERSION = YES_AGGRESSIVE;
				CLANG_CXX_LANGUAGE_STANDARD = "gnu++14";
				CLANG_CXX_LIBRARY = "libc++";
				CLANG_ENABLE_MODULES = YES;
				CLANG_ENABLE_OBJC_ARC = YES;
				CLANG_ENABLE_OBJC_WEAK = YES;
				CLANG_WARN_BLOCK_CAPTURE_AUTORELEASING = YES;
				CLANG_WARN_BOOL_CONVERSION = YES;
				CLANG_WARN_COMMA = YES;
				CLANG_WARN_CONSTANT_CONVERSION = YES;
				CLANG_WARN_DEPRECATED_OBJC_IMPLEMENTATIONS = YES;
				CLANG_WARN_DIRECT_OBJC_ISA_USAGE = YES_ERROR;
				CLANG_WARN_DOCUMENTATION_COMMENTS = YES;
				CLANG_WARN_EMPTY_BODY = YES;
				CLANG_WARN_ENUM_CONVERSION = YES;
				CLANG_WARN_INFINITE_RECURSION = YES;
				CLANG_WARN_INT_CONVERSION = YES;
				CLANG_WARN_NON_LITERAL_NULL_CONVERSION = YES;
				CLANG_WARN_OBJC_IMPLICIT_RETAIN_SELF = YES;
				CLANG_WARN_OBJC_LITERAL_CONVERSION = YES;
				CLANG_WARN_OBJC_ROOT_CLASS = YES_ERROR;
				CLANG_WARN_RANGE_LOOP_ANALYSIS = YES;
				CLANG_WARN_STRICT_PROTOTYPES = YES;
				CLANG_WARN_SUSPICIOUS_MOVE = YES;
				CLANG_WARN_UNGUARDED_AVAILABILITY = YES_AGGRESSIVE;
				CLANG_WARN_UNREACHABLE_CODE = YES;
				CLANG_WARN__DUPLICATE_METHOD_MATCH = YES;
				COPY_PHASE_STRIP = NO;
				DEBUG_INFORMATION_FORMAT = dwarf;
				ENABLE_STRICT_OBJC_MSGSEND = YES;
				ENABLE_TESTABILITY = YES;
				GCC_C_LANGUAGE_STANDARD = gnu11;
				GCC_DYNAMIC_NO_PIC = NO;
				GCC_NO_COMMON_BLOCKS = YES;
				GCC_OPTIMIZATION_LEVEL = 0;
				GCC_PREPROCESSOR_DEFINITIONS = (
					"DEBUG=1",
					"$(inherited)",
				);
				GCC_WARN_64_TO_32_BIT_CONVERSION = YES;
				GCC_WARN_ABOUT_RETURN_TYPE = YES_ERROR;
				GCC_WARN_UNDECLARED_SELECTOR = YES;
				GCC_WARN_UNINITIALIZED_AUTOS = YES_AGGRESSIVE;
				GCC_WARN_UNUSED_FUNCTION = YES;
				GCC_WARN_UNUSED_VARIABLE = YES;
				IPHONEOS_DEPLOYMENT_TARGET = 13.0;
				MTL_ENABLE_DEBUG_INFO = INCLUDE_SOURCE;
				MTL_FAST_MATH = YES;
				ONLY_ACTIVE_ARCH = YES;
				SDKROOT = iphoneos;
				SWIFT_ACTIVE_COMPILATION_CONDITIONS = DEBUG;
				SWIFT_OPTIMIZATION_LEVEL = "-Onone";
			};
			name = Debug;
		};
		9A76637D22D74ADC00058B10 /* Release */ = {
			isa = XCBuildConfiguration;
			buildSettings = {
				ALWAYS_SEARCH_USER_PATHS = NO;
				CLANG_ANALYZER_NONNULL = YES;
				CLANG_ANALYZER_NUMBER_OBJECT_CONVERSION = YES_AGGRESSIVE;
				CLANG_CXX_LANGUAGE_STANDARD = "gnu++14";
				CLANG_CXX_LIBRARY = "libc++";
				CLANG_ENABLE_MODULES = YES;
				CLANG_ENABLE_OBJC_ARC = YES;
				CLANG_ENABLE_OBJC_WEAK = YES;
				CLANG_WARN_BLOCK_CAPTURE_AUTORELEASING = YES;
				CLANG_WARN_BOOL_CONVERSION = YES;
				CLANG_WARN_COMMA = YES;
				CLANG_WARN_CONSTANT_CONVERSION = YES;
				CLANG_WARN_DEPRECATED_OBJC_IMPLEMENTATIONS = YES;
				CLANG_WARN_DIRECT_OBJC_ISA_USAGE = YES_ERROR;
				CLANG_WARN_DOCUMENTATION_COMMENTS = YES;
				CLANG_WARN_EMPTY_BODY = YES;
				CLANG_WARN_ENUM_CONVERSION = YES;
				CLANG_WARN_INFINITE_RECURSION = YES;
				CLANG_WARN_INT_CONVERSION = YES;
				CLANG_WARN_NON_LITERAL_NULL_CONVERSION = YES;
				CLANG_WARN_OBJC_IMPLICIT_RETAIN_SELF = YES;
				CLANG_WARN_OBJC_LITERAL_CONVERSION = YES;
				CLANG_WARN_OBJC_ROOT_CLASS = YES_ERROR;
				CLANG_WARN_RANGE_LOOP_ANALYSIS = YES;
				CLANG_WARN_STRICT_PROTOTYPES = YES;
				CLANG_WARN_SUSPICIOUS_MOVE = YES;
				CLANG_WARN_UNGUARDED_AVAILABILITY = YES_AGGRESSIVE;
				CLANG_WARN_UNREACHABLE_CODE = YES;
				CLANG_WARN__DUPLICATE_METHOD_MATCH = YES;
				COPY_PHASE_STRIP = NO;
				DEBUG_INFORMATION_FORMAT = "dwarf-with-dsym";
				ENABLE_NS_ASSERTIONS = NO;
				ENABLE_STRICT_OBJC_MSGSEND = YES;
				GCC_C_LANGUAGE_STANDARD = gnu11;
				GCC_NO_COMMON_BLOCKS = YES;
				GCC_WARN_64_TO_32_BIT_CONVERSION = YES;
				GCC_WARN_ABOUT_RETURN_TYPE = YES_ERROR;
				GCC_WARN_UNDECLARED_SELECTOR = YES;
				GCC_WARN_UNINITIALIZED_AUTOS = YES_AGGRESSIVE;
				GCC_WARN_UNUSED_FUNCTION = YES;
				GCC_WARN_UNUSED_VARIABLE = YES;
				IPHONEOS_DEPLOYMENT_TARGET = 13.0;
				MTL_ENABLE_DEBUG_INFO = NO;
				MTL_FAST_MATH = YES;
				SDKROOT = iphoneos;
				SWIFT_COMPILATION_MODE = wholemodule;
				SWIFT_OPTIMIZATION_LEVEL = "-O";
				VALIDATE_PRODUCT = YES;
			};
			name = Release;
		};
		9A76637F22D74ADC00058B10 /* Debug */ = {
			isa = XCBuildConfiguration;
			buildSettings = {
				ASSETCATALOG_COMPILER_APPICON_NAME = AppIcon;
				CODE_SIGN_STYLE = Automatic;
				DEVELOPMENT_ASSET_PATHS = "iRead/Preview\\ Content";
				DEVELOPMENT_TEAM = GY84S9P9XS;
				ENABLE_PREVIEWS = YES;
				INFOPLIST_FILE = iRead/Info.plist;
				IPHONEOS_DEPLOYMENT_TARGET = 13.0;
				LD_RUNPATH_SEARCH_PATHS = (
					"$(inherited)",
					"@executable_path/Frameworks",
				);
				PRODUCT_BUNDLE_IDENTIFIER = com.imaginea.iRead;
				PRODUCT_NAME = "$(TARGET_NAME)";
				SWIFT_VERSION = 5.0;
				TARGETED_DEVICE_FAMILY = "1,2";
			};
			name = Debug;
		};
		9A76638022D74ADC00058B10 /* Release */ = {
			isa = XCBuildConfiguration;
			buildSettings = {
				ASSETCATALOG_COMPILER_APPICON_NAME = AppIcon;
				CODE_SIGN_STYLE = Automatic;
				DEVELOPMENT_ASSET_PATHS = "iRead/Preview\\ Content";
				DEVELOPMENT_TEAM = GY84S9P9XS;
				ENABLE_PREVIEWS = YES;
				INFOPLIST_FILE = iRead/Info.plist;
				IPHONEOS_DEPLOYMENT_TARGET = 13.0;
				LD_RUNPATH_SEARCH_PATHS = (
					"$(inherited)",
					"@executable_path/Frameworks",
				);
				PRODUCT_BUNDLE_IDENTIFIER = com.imaginea.iRead;
				PRODUCT_NAME = "$(TARGET_NAME)";
				SWIFT_VERSION = 5.0;
				TARGETED_DEVICE_FAMILY = "1,2";
			};
			name = Release;
		};
/* End XCBuildConfiguration section */

/* Begin XCConfigurationList section */
		9A76636522D74AD700058B10 /* Build configuration list for PBXProject "iRead" */ = {
			isa = XCConfigurationList;
			buildConfigurations = (
				9A76637C22D74ADC00058B10 /* Debug */,
				9A76637D22D74ADC00058B10 /* Release */,
			);
			defaultConfigurationIsVisible = 0;
			defaultConfigurationName = Release;
		};
		9A76637E22D74ADC00058B10 /* Build configuration list for PBXNativeTarget "iRead" */ = {
			isa = XCConfigurationList;
			buildConfigurations = (
				9A76637F22D74ADC00058B10 /* Debug */,
				9A76638022D74ADC00058B10 /* Release */,
			);
			defaultConfigurationIsVisible = 0;
			defaultConfigurationName = Release;
		};
/* End XCConfigurationList section */
	};
	rootObject = 9A76636222D74AD700058B10 /* Project object */;
}
